
Microsoft Visual Studio Solution File, Format Version 12.00
# Visual Studio Version 17
VisualStudioVersion = 17.14.36221.1
MinimumVisualStudioVersion = 10.0.40219.1
Project("{FAE04EC0-301F-11D3-BF4B-00C04F79EFBC}") = "BankWebApi.Api", "BankWebApi\BankWebApi.Api.csproj", "{4114CD2F-AC37-451B-833B-655CB3645876}"
EndProject
Project("{FAE04EC0-301F-11D3-BF4B-00C04F79EFBC}") = "BankWebApi.Connections", "BankWebApi.Connections\BankWebApi.Connections.csproj", "{79C13A46-3F6E-48F1-BC2A-03E95FB036C6}"
EndProject
Project("{FAE04EC0-301F-11D3-BF4B-00C04F79EFBC}") = "BankWebApi.Models", "BankWebApi.Models\BankWebApi.Models.csproj", "{ECE16C45-3BCE-4047-92FD-5F6CFE4564B9}"
EndProject
Project("{FAE04EC0-301F-11D3-BF4B-00C04F79EFBC}") = "BankWebApi.Services", "BankWebApi.Services\BankWebApi.Services.csproj", "{72763C0D-AF83-4636-BE13-B298700F70A3}"
EndProject
Project("{FAE04EC0-301F-11D3-BF4B-00C04F79EFBC}") = "BankWebApi.Testing", "BankWebApi.Testing\BankWebApi.Testing.csproj", "{1442234C-8F0D-491F-A2F6-D20E99C1F4D8}"
EndProject
Global
	GlobalSection(SolutionConfigurationPlatforms) = preSolution
		Debug|Any CPU = Debug|Any CPU
		Release|Any CPU = Release|Any CPU
	EndGlobalSection
	GlobalSection(ProjectConfigurationPlatforms) = postSolution
		{4114CD2F-AC37-451B-833B-655CB3645876}.Debug|Any CPU.ActiveCfg = Debug|Any CPU
		{4114CD2F-AC37-451B-833B-655CB3645876}.Debug|Any CPU.Build.0 = Debug|Any CPU
		{4114CD2F-AC37-451B-833B-655CB3645876}.Release|Any CPU.ActiveCfg = Release|Any CPU
		{4114CD2F-AC37-451B-833B-655CB3645876}.Release|Any CPU.Build.0 = Release|Any CPU
		{79C13A46-3F6E-48F1-BC2A-03E95FB036C6}.Debug|Any CPU.ActiveCfg = Debug|Any CPU
		{79C13A46-3F6E-48F1-BC2A-03E95FB036C6}.Debug|Any CPU.Build.0 = Debug|Any CPU
		{79C13A46-3F6E-48F1-BC2A-03E95FB036C6}.Release|Any CPU.ActiveCfg = Release|Any CPU
		{79C13A46-3F6E-48F1-BC2A-03E95FB036C6}.Release|Any CPU.Build.0 = Release|Any CPU
		{ECE16C45-3BCE-4047-92FD-5F6CFE4564B9}.Debug|Any CPU.ActiveCfg = Debug|Any CPU
		{ECE16C45-3BCE-4047-92FD-5F6CFE4564B9}.Debug|Any CPU.Build.0 = Debug|Any CPU
		{ECE16C45-3BCE-4047-92FD-5F6CFE4564B9}.Release|Any CPU.ActiveCfg = Release|Any CPU
		{ECE16C45-3BCE-4047-92FD-5F6CFE4564B9}.Release|Any CPU.Build.0 = Release|Any CPU
		{72763C0D-AF83-4636-BE13-B298700F70A3}.Debug|Any CPU.ActiveCfg = Debug|Any CPU
		{72763C0D-AF83-4636-BE13-B298700F70A3}.Debug|Any CPU.Build.0 = Debug|Any CPU
		{72763C0D-AF83-4636-BE13-B298700F70A3}.Release|Any CPU.ActiveCfg = Release|Any CPU
		{72763C0D-AF83-4636-BE13-B298700F70A3}.Release|Any CPU.Build.0 = Release|Any CPU
		{1442234C-8F0D-491F-A2F6-D20E99C1F4D8}.Debug|Any CPU.ActiveCfg = Debug|Any CPU
		{1442234C-8F0D-491F-A2F6-D20E99C1F4D8}.Debug|Any CPU.Build.0 = Debug|Any CPU
		{1442234C-8F0D-491F-A2F6-D20E99C1F4D8}.Release|Any CPU.ActiveCfg = Release|Any CPU
		{1442234C-8F0D-491F-A2F6-D20E99C1F4D8}.Release|Any CPU.Build.0 = Release|Any CPU
	EndGlobalSection
	GlobalSection(SolutionProperties) = preSolution
		HideSolutionNode = FALSE
	EndGlobalSection
	GlobalSection(ExtensibilityGlobals) = postSolution
		SolutionGuid = {5CEBD01B-25AB-4EAD-A958-DE971E310BD8}
	EndGlobalSection
EndGlobal
